
Microsoft Visual Studio Solution File, Format Version 12.00
# Visual Studio Version 17
VisualStudioVersion = 17.0.31903.59
MinimumVisualStudioVersion = 10.0.40219.1
Project("{FAE04EC0-301F-11D3-BF4B-00C04F79EFBC}") = "DiscountCalculator", "DiscountCalculator\DiscountCalculator.csproj", "{96D66F92-E3D0-4460-B6A5-9DE2570DBCB2}"
EndProject
Project("{FAE04EC0-301F-11D3-BF4B-00C04F79EFBC}") = "DiscountCalculator.UnitTests", "DiscountCalculator.UnitTests\DiscountCalculator.UnitTests.csproj", "{899F0C1C-B438-4AD8-9380-C097C1697836}"
EndProject
Global
	GlobalSection(SolutionConfigurationPlatforms) = preSolution
		Debug|Any CPU = Debug|Any CPU
		Release|Any CPU = Release|Any CPU
	EndGlobalSection
	GlobalSection(SolutionProperties) = preSolution
		HideSolutionNode = FALSE
	EndGlobalSection
	GlobalSection(ProjectConfigurationPlatforms) = postSolution
		{96D66F92-E3D0-4460-B6A5-9DE2570DBCB2}.Debug|Any CPU.ActiveCfg = Debug|Any CPU
		{96D66F92-E3D0-4460-B6A5-9DE2570DBCB2}.Debug|Any CPU.Build.0 = Debug|Any CPU
		{96D66F92-E3D0-4460-B6A5-9DE2570DBCB2}.Release|Any CPU.ActiveCfg = Release|Any CPU
		{96D66F92-E3D0-4460-B6A5-9DE2570DBCB2}.Release|Any CPU.Build.0 = Release|Any CPU
		{899F0C1C-B438-4AD8-9380-C097C1697836}.Debug|Any CPU.ActiveCfg = Debug|Any CPU
		{899F0C1C-B438-4AD8-9380-C097C1697836}.Debug|Any CPU.Build.0 = Debug|Any CPU
		{899F0C1C-B438-4AD8-9380-C097C1697836}.Release|Any CPU.ActiveCfg = Release|Any CPU
		{899F0C1C-B438-4AD8-9380-C097C1697836}.Release|Any CPU.Build.0 = Release|Any CPU
	EndGlobalSection
EndGlobal
